{
  "name": "@micro-os-plus/startup",
  "version": "1.0.2",
  "lockfileVersion": 1,
  "requires": true,
  "dependencies": {
    "@micro-os-plus/c-libs": {
      "version": "1.0.1",
      "resolved": "https://registry.npmjs.org/@micro-os-plus/c-libs/-/c-libs-1.0.1.tgz",
      "integrity": "sha512-imDZd0Us6CijMKtBrDC73NQ+MfhD9wBLodXu2HxqK+Psvi5KmBbP5bzVox2aFWuk72/8B4V3GmZ+4/Ihx0IVew=="
    },
    "@micro-os-plus/cpp-libs": {
      "version": "1.0.1",
      "resolved": "https://registry.npmjs.org/@micro-os-plus/cpp-libs/-/cpp-libs-1.0.1.tgz",
      "integrity": "sha512-hUKd7COIlHr67PRfgv22SGAZSRHN6GRTZcANeRvxtfJc86yEqpbylx6AayyePCckkwkmlADo2pFP6NWTQ6u2Cg=="
    },
    "@micro-os-plus/diag-trace": {
      "version": "1.0.1",
      "resolved": "https://registry.npmjs.org/@micro-os-plus/diag-trace/-/diag-trace-1.0.1.tgz",
      "integrity": "sha512-x6OyE5SlfBqlT/uQgHHrAm50aSAu/F20TX/aNRI/BZBDRXJ6zl2HwMcS0XBIJoL0AkCEbJNe/oSBSgDjtA6bMA=="
    }
  }
}
