{
  "name": "@micro-os-plus/startup",
  "version": "1.0.1",
  "lockfileVersion": 1,
  "requires": true,
  "dependencies": {
    "@micro-os-plus/c-libs": {
      "version": "1.0.1"
    },
    "@micro-os-plus/cpp-libs": {
      "version": "1.0.1"
    },
    "@micro-os-plus/diag-trace": {
      "version": "1.0.1"
    }
  }
}
